
Microsoft Visual Studio Solution File, Format Version 12.00
# Visual Studio 15
VisualStudioVersion = 15.0.27004.2006
MinimumVisualStudioVersion = 10.0.40219.1
Project("{FAE04EC0-301F-11D3-BF4B-00C04F79EFBC}") = "00.CreateDB", "00.Test\00.CreateDB.csproj", "{882C8670-B9F3-402D-9874-22C391286275}"
EndProject
Project("{FAE04EC0-301F-11D3-BF4B-00C04F79EFBC}") = "01. WorkPlace", "01. WorkPlace\01. WorkPlace.csproj", "{992AEDE8-946A-4846-979A-AB28F06AD59C}"
EndProject
Global
	GlobalSection(SolutionConfigurationPlatforms) = preSolution
		Debug|Any CPU = Debug|Any CPU
		Release|Any CPU = Release|Any CPU
	EndGlobalSection
	GlobalSection(ProjectConfigurationPlatforms) = postSolution
		{882C8670-B9F3-402D-9874-22C391286275}.Debug|Any CPU.ActiveCfg = Debug|Any CPU
		{882C8670-B9F3-402D-9874-22C391286275}.Debug|Any CPU.Build.0 = Debug|Any CPU
		{882C8670-B9F3-402D-9874-22C391286275}.Release|Any CPU.ActiveCfg = Release|Any CPU
		{882C8670-B9F3-402D-9874-22C391286275}.Release|Any CPU.Build.0 = Release|Any CPU
		{992AEDE8-946A-4846-979A-AB28F06AD59C}.Debug|Any CPU.ActiveCfg = Debug|Any CPU
		{992AEDE8-946A-4846-979A-AB28F06AD59C}.Debug|Any CPU.Build.0 = Debug|Any CPU
		{992AEDE8-946A-4846-979A-AB28F06AD59C}.Release|Any CPU.ActiveCfg = Release|Any CPU
		{992AEDE8-946A-4846-979A-AB28F06AD59C}.Release|Any CPU.Build.0 = Release|Any CPU
	EndGlobalSection
	GlobalSection(SolutionProperties) = preSolution
		HideSolutionNode = FALSE
	EndGlobalSection
	GlobalSection(ExtensibilityGlobals) = postSolution
		SolutionGuid = {9B394CE5-A497-45DD-807D-04F1EAB007C2}
	EndGlobalSection
EndGlobal
