
Microsoft Visual Studio Solution File, Format Version 12.00
# Visual Studio 15
VisualStudioVersion = 15.0.27428.2015
MinimumVisualStudioVersion = 10.0.40219.1
Project("{FAE04EC0-301F-11D3-BF4B-00C04F79EFBC}") = "01.Stealer", "01.Stealer\01.Stealer.csproj", "{0B3C7BDB-CAAB-424F-81A0-248CA74826E3}"
EndProject
Project("{FAE04EC0-301F-11D3-BF4B-00C04F79EFBC}") = "05.CreateAttribute", "05.CreateAttribute\05.CreateAttribute.csproj", "{7E9F0ED1-E212-4E6E-8C29-7583133CCD00}"
EndProject
Global
	GlobalSection(SolutionConfigurationPlatforms) = preSolution
		Debug|Any CPU = Debug|Any CPU
		Release|Any CPU = Release|Any CPU
	EndGlobalSection
	GlobalSection(ProjectConfigurationPlatforms) = postSolution
		{0B3C7BDB-CAAB-424F-81A0-248CA74826E3}.Debug|Any CPU.ActiveCfg = Debug|Any CPU
		{0B3C7BDB-CAAB-424F-81A0-248CA74826E3}.Debug|Any CPU.Build.0 = Debug|Any CPU
		{0B3C7BDB-CAAB-424F-81A0-248CA74826E3}.Release|Any CPU.ActiveCfg = Release|Any CPU
		{0B3C7BDB-CAAB-424F-81A0-248CA74826E3}.Release|Any CPU.Build.0 = Release|Any CPU
		{7E9F0ED1-E212-4E6E-8C29-7583133CCD00}.Debug|Any CPU.ActiveCfg = Debug|Any CPU
		{7E9F0ED1-E212-4E6E-8C29-7583133CCD00}.Debug|Any CPU.Build.0 = Debug|Any CPU
		{7E9F0ED1-E212-4E6E-8C29-7583133CCD00}.Release|Any CPU.ActiveCfg = Release|Any CPU
		{7E9F0ED1-E212-4E6E-8C29-7583133CCD00}.Release|Any CPU.Build.0 = Release|Any CPU
	EndGlobalSection
	GlobalSection(SolutionProperties) = preSolution
		HideSolutionNode = FALSE
	EndGlobalSection
	GlobalSection(ExtensibilityGlobals) = postSolution
		SolutionGuid = {D959E729-19D0-4358-8A03-0D2FCAE62058}
	EndGlobalSection
EndGlobal
