
Microsoft Visual Studio Solution File, Format Version 12.00
# Visual Studio 15
VisualStudioVersion = 15.0.27004.2006
MinimumVisualStudioVersion = 10.0.40219.1
Project("{FAE04EC0-301F-11D3-BF4B-00C04F79EFBC}") = "P01_HospitalDatabase", "P01_HospitalDatabase\P01_HospitalDatabase.csproj", "{6510E53C-E10A-4ABA-81F6-ABC859FA939C}"
EndProject
Project("{FAE04EC0-301F-11D3-BF4B-00C04F79EFBC}") = "HospitalStartUp", "HospitalStartUp\HospitalStartUp.csproj", "{B7631947-2F7A-42DB-A33B-ABBB00CABD6C}"
EndProject
Project("{9A19103F-16F7-4668-BE54-9A1E7A4F7556}") = "HospitalDatabaseInitializer", "D:\C# Programming\SQL\Advanced Database\Exercises  and Labs\DATABASES\HospitalDatabaseInitializer\HospitalDatabaseInitializer.csproj", "{720815D5-55C6-43B3-BAC4-3507CFFC17F6}"
EndProject
Global
	GlobalSection(SolutionConfigurationPlatforms) = preSolution
		Debug|Any CPU = Debug|Any CPU
		Release|Any CPU = Release|Any CPU
	EndGlobalSection
	GlobalSection(ProjectConfigurationPlatforms) = postSolution
		{6510E53C-E10A-4ABA-81F6-ABC859FA939C}.Debug|Any CPU.ActiveCfg = Debug|Any CPU
		{6510E53C-E10A-4ABA-81F6-ABC859FA939C}.Debug|Any CPU.Build.0 = Debug|Any CPU
		{6510E53C-E10A-4ABA-81F6-ABC859FA939C}.Release|Any CPU.ActiveCfg = Release|Any CPU
		{6510E53C-E10A-4ABA-81F6-ABC859FA939C}.Release|Any CPU.Build.0 = Release|Any CPU
		{B7631947-2F7A-42DB-A33B-ABBB00CABD6C}.Debug|Any CPU.ActiveCfg = Debug|Any CPU
		{B7631947-2F7A-42DB-A33B-ABBB00CABD6C}.Debug|Any CPU.Build.0 = Debug|Any CPU
		{B7631947-2F7A-42DB-A33B-ABBB00CABD6C}.Release|Any CPU.ActiveCfg = Release|Any CPU
		{B7631947-2F7A-42DB-A33B-ABBB00CABD6C}.Release|Any CPU.Build.0 = Release|Any CPU
		{720815D5-55C6-43B3-BAC4-3507CFFC17F6}.Debug|Any CPU.ActiveCfg = Debug|Any CPU
		{720815D5-55C6-43B3-BAC4-3507CFFC17F6}.Debug|Any CPU.Build.0 = Debug|Any CPU
		{720815D5-55C6-43B3-BAC4-3507CFFC17F6}.Release|Any CPU.ActiveCfg = Release|Any CPU
		{720815D5-55C6-43B3-BAC4-3507CFFC17F6}.Release|Any CPU.Build.0 = Release|Any CPU
	EndGlobalSection
	GlobalSection(SolutionProperties) = preSolution
		HideSolutionNode = FALSE
	EndGlobalSection
	GlobalSection(ExtensibilityGlobals) = postSolution
		SolutionGuid = {7309A348-6AE7-473A-A9E1-FF419D946C09}
	EndGlobalSection
EndGlobal
